
Microsoft Visual Studio Solution File, Format Version 12.00
# Visual Studio Version 16
VisualStudioVersion = 16.6.30114.105
MinimumVisualStudioVersion = 10.0.40219.1
Project("{2150E333-8FDC-42A3-9474-1A3956D46DE8}") = "src", "src", "{DD533BB9-6E40-4008-A45D-77AB6A23D64D}"
	ProjectSection(SolutionItems) = preProject
		src\Directory.Build.props = src\Directory.Build.props
	EndProjectSection
EndProject
Project("{9A19103F-16F7-4668-BE54-9A1E7A4F7556}") = "Scorpio.Bougainvillea", "src\Scorpio.Bougainvillea\Scorpio.Bougainvillea.csproj", "{9BAD66A7-1BAA-468A-89DD-65906507CFDE}"
EndProject
Project("{9A19103F-16F7-4668-BE54-9A1E7A4F7556}") = "Scorpio.Bougainvillea.Abstractions", "src\Scorpio.Bougainvillea.Abstractions\Scorpio.Bougainvillea.Abstractions.csproj", "{DB87E420-8FB2-4A8D-BB6F-ABCAC60F3735}"
EndProject
Project("{2150E333-8FDC-42A3-9474-1A3956D46DE8}") = "Solution Items", "Solution Items", "{E0DD92BD-F237-4DC1-BDD1-FC7190675061}"
	ProjectSection(SolutionItems) = preProject
		.editorconfig = .editorconfig
		.gitattributes = .gitattributes
		.gitignore = .gitignore
		appveyor.yml = appveyor.yml
		build.cake = build.cake
		build.cmd = build.cmd
		build.config = build.config
		build.ps1 = build.ps1
		build.sh = build.sh
		LICENSE = LICENSE
		nuget.config = nuget.config
		README.md = README.md
	EndProjectSection
EndProject
Project("{2150E333-8FDC-42A3-9474-1A3956D46DE8}") = "build", "build", "{E5686719-DDEE-4DC9-85F5-ECF548DBEFD2}"
	ProjectSection(SolutionItems) = preProject
		build\build.cake = build\build.cake
		build\buildcontext.cake = build\buildcontext.cake
		build\common.props = build\common.props
		build\index.cake = build\index.cake
		build\util.cake = build\util.cake
		build\version.cake = build\version.cake
		build\versions.props = build\versions.props
	EndProjectSection
EndProject
Project("{FAE04EC0-301F-11D3-BF4B-00C04F79EFBC}") = "Scorpio.Bougainvillea.AspNetCore", "src\Scorpio.Bougainvillea.AspNetCore\Scorpio.Bougainvillea.AspNetCore.csproj", "{DD62DA68-A33F-40ED-BC42-2C69072F90CC}"
EndProject
Project("{FAE04EC0-301F-11D3-BF4B-00C04F79EFBC}") = "Scorpio.Bougainvillea.Orleans", "src\Scorpio.Bougainvillea.Orleans\Scorpio.Bougainvillea.Orleans.csproj", "{D5998528-2A7B-4A2E-B117-8C11597B01BC}"
EndProject
Project("{FAE04EC0-301F-11D3-BF4B-00C04F79EFBC}") = "Scorpio.Bougainvillea.Orleans.Storages", "src\Scorpio.Bougainvillea.Orleans.Storages\Scorpio.Bougainvillea.Orleans.Storages.csproj", "{A3872D42-3FC8-48E0-B1FC-60C9A47AEECF}"
EndProject
Project("{FAE04EC0-301F-11D3-BF4B-00C04F79EFBC}") = "Scorpio.Bougainvillea.Storages", "src\Scorpio.Bougainvillea.Storages\Scorpio.Bougainvillea.Storages.csproj", "{976900A0-ADE1-45D3-8B09-8903542C2BFA}"
EndProject
Project("{FAE04EC0-301F-11D3-BF4B-00C04F79EFBC}") = "Scorpio.Bougainvillea.Orleans.Abstractions", "src\Scorpio.Bougainvillea.Orleans.Abstractions\Scorpio.Bougainvillea.Orleans.Abstractions.csproj", "{3870485E-145C-4C8C-9AB8-B91DBBD9AE13}"
EndProject
Project("{FAE04EC0-301F-11D3-BF4B-00C04F79EFBC}") = "Scorpio.Bougainvillea.Entities", "src\Scorpio.Bougainvillea.Entities\Scorpio.Bougainvillea.Entities.csproj", "{1C6E0D7A-7A3E-475C-A102-9503CB247109}"
EndProject
Project("{FAE04EC0-301F-11D3-BF4B-00C04F79EFBC}") = "Scorpio.Bougainvillea.CodeGenerator", "src\Scorpio.Bougainvillea.CodeGenerator\Scorpio.Bougainvillea.CodeGenerator.csproj", "{064CD96F-DA6A-40B3-A765-1D51917FD690}"
EndProject
Global
	GlobalSection(SolutionConfigurationPlatforms) = preSolution
		Debug|Any CPU = Debug|Any CPU
		Debug|x64 = Debug|x64
		Debug|x86 = Debug|x86
		Release|Any CPU = Release|Any CPU
		Release|x64 = Release|x64
		Release|x86 = Release|x86
	EndGlobalSection
	GlobalSection(ProjectConfigurationPlatforms) = postSolution
		{9BAD66A7-1BAA-468A-89DD-65906507CFDE}.Debug|Any CPU.ActiveCfg = Debug|Any CPU
		{9BAD66A7-1BAA-468A-89DD-65906507CFDE}.Debug|Any CPU.Build.0 = Debug|Any CPU
		{9BAD66A7-1BAA-468A-89DD-65906507CFDE}.Debug|x64.ActiveCfg = Debug|Any CPU
		{9BAD66A7-1BAA-468A-89DD-65906507CFDE}.Debug|x64.Build.0 = Debug|Any CPU
		{9BAD66A7-1BAA-468A-89DD-65906507CFDE}.Debug|x86.ActiveCfg = Debug|Any CPU
		{9BAD66A7-1BAA-468A-89DD-65906507CFDE}.Debug|x86.Build.0 = Debug|Any CPU
		{9BAD66A7-1BAA-468A-89DD-65906507CFDE}.Release|Any CPU.ActiveCfg = Release|Any CPU
		{9BAD66A7-1BAA-468A-89DD-65906507CFDE}.Release|Any CPU.Build.0 = Release|Any CPU
		{9BAD66A7-1BAA-468A-89DD-65906507CFDE}.Release|x64.ActiveCfg = Release|Any CPU
		{9BAD66A7-1BAA-468A-89DD-65906507CFDE}.Release|x64.Build.0 = Release|Any CPU
		{9BAD66A7-1BAA-468A-89DD-65906507CFDE}.Release|x86.ActiveCfg = Release|Any CPU
		{9BAD66A7-1BAA-468A-89DD-65906507CFDE}.Release|x86.Build.0 = Release|Any CPU
		{DB87E420-8FB2-4A8D-BB6F-ABCAC60F3735}.Debug|Any CPU.ActiveCfg = Debug|Any CPU
		{DB87E420-8FB2-4A8D-BB6F-ABCAC60F3735}.Debug|Any CPU.Build.0 = Debug|Any CPU
		{DB87E420-8FB2-4A8D-BB6F-ABCAC60F3735}.Debug|x64.ActiveCfg = Debug|Any CPU
		{DB87E420-8FB2-4A8D-BB6F-ABCAC60F3735}.Debug|x64.Build.0 = Debug|Any CPU
		{DB87E420-8FB2-4A8D-BB6F-ABCAC60F3735}.Debug|x86.ActiveCfg = Debug|Any CPU
		{DB87E420-8FB2-4A8D-BB6F-ABCAC60F3735}.Debug|x86.Build.0 = Debug|Any CPU
		{DB87E420-8FB2-4A8D-BB6F-ABCAC60F3735}.Release|Any CPU.ActiveCfg = Release|Any CPU
		{DB87E420-8FB2-4A8D-BB6F-ABCAC60F3735}.Release|Any CPU.Build.0 = Release|Any CPU
		{DB87E420-8FB2-4A8D-BB6F-ABCAC60F3735}.Release|x64.ActiveCfg = Release|Any CPU
		{DB87E420-8FB2-4A8D-BB6F-ABCAC60F3735}.Release|x64.Build.0 = Release|Any CPU
		{DB87E420-8FB2-4A8D-BB6F-ABCAC60F3735}.Release|x86.ActiveCfg = Release|Any CPU
		{DB87E420-8FB2-4A8D-BB6F-ABCAC60F3735}.Release|x86.Build.0 = Release|Any CPU
		{DD62DA68-A33F-40ED-BC42-2C69072F90CC}.Debug|Any CPU.ActiveCfg = Debug|Any CPU
		{DD62DA68-A33F-40ED-BC42-2C69072F90CC}.Debug|Any CPU.Build.0 = Debug|Any CPU
		{DD62DA68-A33F-40ED-BC42-2C69072F90CC}.Debug|x64.ActiveCfg = Debug|Any CPU
		{DD62DA68-A33F-40ED-BC42-2C69072F90CC}.Debug|x64.Build.0 = Debug|Any CPU
		{DD62DA68-A33F-40ED-BC42-2C69072F90CC}.Debug|x86.ActiveCfg = Debug|Any CPU
		{DD62DA68-A33F-40ED-BC42-2C69072F90CC}.Debug|x86.Build.0 = Debug|Any CPU
		{DD62DA68-A33F-40ED-BC42-2C69072F90CC}.Release|Any CPU.ActiveCfg = Release|Any CPU
		{DD62DA68-A33F-40ED-BC42-2C69072F90CC}.Release|Any CPU.Build.0 = Release|Any CPU
		{DD62DA68-A33F-40ED-BC42-2C69072F90CC}.Release|x64.ActiveCfg = Release|Any CPU
		{DD62DA68-A33F-40ED-BC42-2C69072F90CC}.Release|x64.Build.0 = Release|Any CPU
		{DD62DA68-A33F-40ED-BC42-2C69072F90CC}.Release|x86.ActiveCfg = Release|Any CPU
		{DD62DA68-A33F-40ED-BC42-2C69072F90CC}.Release|x86.Build.0 = Release|Any CPU
		{D5998528-2A7B-4A2E-B117-8C11597B01BC}.Debug|Any CPU.ActiveCfg = Debug|Any CPU
		{D5998528-2A7B-4A2E-B117-8C11597B01BC}.Debug|Any CPU.Build.0 = Debug|Any CPU
		{D5998528-2A7B-4A2E-B117-8C11597B01BC}.Debug|x64.ActiveCfg = Debug|Any CPU
		{D5998528-2A7B-4A2E-B117-8C11597B01BC}.Debug|x64.Build.0 = Debug|Any CPU
		{D5998528-2A7B-4A2E-B117-8C11597B01BC}.Debug|x86.ActiveCfg = Debug|Any CPU
		{D5998528-2A7B-4A2E-B117-8C11597B01BC}.Debug|x86.Build.0 = Debug|Any CPU
		{D5998528-2A7B-4A2E-B117-8C11597B01BC}.Release|Any CPU.ActiveCfg = Release|Any CPU
		{D5998528-2A7B-4A2E-B117-8C11597B01BC}.Release|Any CPU.Build.0 = Release|Any CPU
		{D5998528-2A7B-4A2E-B117-8C11597B01BC}.Release|x64.ActiveCfg = Release|Any CPU
		{D5998528-2A7B-4A2E-B117-8C11597B01BC}.Release|x64.Build.0 = Release|Any CPU
		{D5998528-2A7B-4A2E-B117-8C11597B01BC}.Release|x86.ActiveCfg = Release|Any CPU
		{D5998528-2A7B-4A2E-B117-8C11597B01BC}.Release|x86.Build.0 = Release|Any CPU
		{A3872D42-3FC8-48E0-B1FC-60C9A47AEECF}.Debug|Any CPU.ActiveCfg = Debug|Any CPU
		{A3872D42-3FC8-48E0-B1FC-60C9A47AEECF}.Debug|Any CPU.Build.0 = Debug|Any CPU
		{A3872D42-3FC8-48E0-B1FC-60C9A47AEECF}.Debug|x64.ActiveCfg = Debug|Any CPU
		{A3872D42-3FC8-48E0-B1FC-60C9A47AEECF}.Debug|x64.Build.0 = Debug|Any CPU
		{A3872D42-3FC8-48E0-B1FC-60C9A47AEECF}.Debug|x86.ActiveCfg = Debug|Any CPU
		{A3872D42-3FC8-48E0-B1FC-60C9A47AEECF}.Debug|x86.Build.0 = Debug|Any CPU
		{A3872D42-3FC8-48E0-B1FC-60C9A47AEECF}.Release|Any CPU.ActiveCfg = Release|Any CPU
		{A3872D42-3FC8-48E0-B1FC-60C9A47AEECF}.Release|Any CPU.Build.0 = Release|Any CPU
		{A3872D42-3FC8-48E0-B1FC-60C9A47AEECF}.Release|x64.ActiveCfg = Release|Any CPU
		{A3872D42-3FC8-48E0-B1FC-60C9A47AEECF}.Release|x64.Build.0 = Release|Any CPU
		{A3872D42-3FC8-48E0-B1FC-60C9A47AEECF}.Release|x86.ActiveCfg = Release|Any CPU
		{A3872D42-3FC8-48E0-B1FC-60C9A47AEECF}.Release|x86.Build.0 = Release|Any CPU
		{976900A0-ADE1-45D3-8B09-8903542C2BFA}.Debug|Any CPU.ActiveCfg = Debug|Any CPU
		{976900A0-ADE1-45D3-8B09-8903542C2BFA}.Debug|Any CPU.Build.0 = Debug|Any CPU
		{976900A0-ADE1-45D3-8B09-8903542C2BFA}.Debug|x64.ActiveCfg = Debug|Any CPU
		{976900A0-ADE1-45D3-8B09-8903542C2BFA}.Debug|x64.Build.0 = Debug|Any CPU
		{976900A0-ADE1-45D3-8B09-8903542C2BFA}.Debug|x86.ActiveCfg = Debug|Any CPU
		{976900A0-ADE1-45D3-8B09-8903542C2BFA}.Debug|x86.Build.0 = Debug|Any CPU
		{976900A0-ADE1-45D3-8B09-8903542C2BFA}.Release|Any CPU.ActiveCfg = Release|Any CPU
		{976900A0-ADE1-45D3-8B09-8903542C2BFA}.Release|Any CPU.Build.0 = Release|Any CPU
		{976900A0-ADE1-45D3-8B09-8903542C2BFA}.Release|x64.ActiveCfg = Release|Any CPU
		{976900A0-ADE1-45D3-8B09-8903542C2BFA}.Release|x64.Build.0 = Release|Any CPU
		{976900A0-ADE1-45D3-8B09-8903542C2BFA}.Release|x86.ActiveCfg = Release|Any CPU
		{976900A0-ADE1-45D3-8B09-8903542C2BFA}.Release|x86.Build.0 = Release|Any CPU
		{3870485E-145C-4C8C-9AB8-B91DBBD9AE13}.Debug|Any CPU.ActiveCfg = Debug|Any CPU
		{3870485E-145C-4C8C-9AB8-B91DBBD9AE13}.Debug|Any CPU.Build.0 = Debug|Any CPU
		{3870485E-145C-4C8C-9AB8-B91DBBD9AE13}.Debug|x64.ActiveCfg = Debug|Any CPU
		{3870485E-145C-4C8C-9AB8-B91DBBD9AE13}.Debug|x64.Build.0 = Debug|Any CPU
		{3870485E-145C-4C8C-9AB8-B91DBBD9AE13}.Debug|x86.ActiveCfg = Debug|Any CPU
		{3870485E-145C-4C8C-9AB8-B91DBBD9AE13}.Debug|x86.Build.0 = Debug|Any CPU
		{3870485E-145C-4C8C-9AB8-B91DBBD9AE13}.Release|Any CPU.ActiveCfg = Release|Any CPU
		{3870485E-145C-4C8C-9AB8-B91DBBD9AE13}.Release|Any CPU.Build.0 = Release|Any CPU
		{3870485E-145C-4C8C-9AB8-B91DBBD9AE13}.Release|x64.ActiveCfg = Release|Any CPU
		{3870485E-145C-4C8C-9AB8-B91DBBD9AE13}.Release|x64.Build.0 = Release|Any CPU
		{3870485E-145C-4C8C-9AB8-B91DBBD9AE13}.Release|x86.ActiveCfg = Release|Any CPU
		{3870485E-145C-4C8C-9AB8-B91DBBD9AE13}.Release|x86.Build.0 = Release|Any CPU
		{1C6E0D7A-7A3E-475C-A102-9503CB247109}.Debug|Any CPU.ActiveCfg = Debug|Any CPU
		{1C6E0D7A-7A3E-475C-A102-9503CB247109}.Debug|Any CPU.Build.0 = Debug|Any CPU
		{1C6E0D7A-7A3E-475C-A102-9503CB247109}.Debug|x64.ActiveCfg = Debug|Any CPU
		{1C6E0D7A-7A3E-475C-A102-9503CB247109}.Debug|x64.Build.0 = Debug|Any CPU
		{1C6E0D7A-7A3E-475C-A102-9503CB247109}.Debug|x86.ActiveCfg = Debug|Any CPU
		{1C6E0D7A-7A3E-475C-A102-9503CB247109}.Debug|x86.Build.0 = Debug|Any CPU
		{1C6E0D7A-7A3E-475C-A102-9503CB247109}.Release|Any CPU.ActiveCfg = Release|Any CPU
		{1C6E0D7A-7A3E-475C-A102-9503CB247109}.Release|Any CPU.Build.0 = Release|Any CPU
		{1C6E0D7A-7A3E-475C-A102-9503CB247109}.Release|x64.ActiveCfg = Release|Any CPU
		{1C6E0D7A-7A3E-475C-A102-9503CB247109}.Release|x64.Build.0 = Release|Any CPU
		{1C6E0D7A-7A3E-475C-A102-9503CB247109}.Release|x86.ActiveCfg = Release|Any CPU
		{1C6E0D7A-7A3E-475C-A102-9503CB247109}.Release|x86.Build.0 = Release|Any CPU
		{064CD96F-DA6A-40B3-A765-1D51917FD690}.Debug|Any CPU.ActiveCfg = Debug|Any CPU
		{064CD96F-DA6A-40B3-A765-1D51917FD690}.Debug|Any CPU.Build.0 = Debug|Any CPU
		{064CD96F-DA6A-40B3-A765-1D51917FD690}.Debug|x64.ActiveCfg = Debug|Any CPU
		{064CD96F-DA6A-40B3-A765-1D51917FD690}.Debug|x64.Build.0 = Debug|Any CPU
		{064CD96F-DA6A-40B3-A765-1D51917FD690}.Debug|x86.ActiveCfg = Debug|Any CPU
		{064CD96F-DA6A-40B3-A765-1D51917FD690}.Debug|x86.Build.0 = Debug|Any CPU
		{064CD96F-DA6A-40B3-A765-1D51917FD690}.Release|Any CPU.ActiveCfg = Release|Any CPU
		{064CD96F-DA6A-40B3-A765-1D51917FD690}.Release|Any CPU.Build.0 = Release|Any CPU
		{064CD96F-DA6A-40B3-A765-1D51917FD690}.Release|x64.ActiveCfg = Release|Any CPU
		{064CD96F-DA6A-40B3-A765-1D51917FD690}.Release|x64.Build.0 = Release|Any CPU
		{064CD96F-DA6A-40B3-A765-1D51917FD690}.Release|x86.ActiveCfg = Release|Any CPU
		{064CD96F-DA6A-40B3-A765-1D51917FD690}.Release|x86.Build.0 = Release|Any CPU
	EndGlobalSection
	GlobalSection(SolutionProperties) = preSolution
		HideSolutionNode = FALSE
	EndGlobalSection
	GlobalSection(NestedProjects) = preSolution
		{9BAD66A7-1BAA-468A-89DD-65906507CFDE} = {DD533BB9-6E40-4008-A45D-77AB6A23D64D}
		{DB87E420-8FB2-4A8D-BB6F-ABCAC60F3735} = {DD533BB9-6E40-4008-A45D-77AB6A23D64D}
		{E5686719-DDEE-4DC9-85F5-ECF548DBEFD2} = {E0DD92BD-F237-4DC1-BDD1-FC7190675061}
		{DD62DA68-A33F-40ED-BC42-2C69072F90CC} = {DD533BB9-6E40-4008-A45D-77AB6A23D64D}
		{D5998528-2A7B-4A2E-B117-8C11597B01BC} = {DD533BB9-6E40-4008-A45D-77AB6A23D64D}
		{A3872D42-3FC8-48E0-B1FC-60C9A47AEECF} = {DD533BB9-6E40-4008-A45D-77AB6A23D64D}
		{976900A0-ADE1-45D3-8B09-8903542C2BFA} = {DD533BB9-6E40-4008-A45D-77AB6A23D64D}
		{1C6E0D7A-7A3E-475C-A102-9503CB247109} = {DD533BB9-6E40-4008-A45D-77AB6A23D64D}
		{3870485E-145C-4C8C-9AB8-B91DBBD9AE13} = {DD533BB9-6E40-4008-A45D-77AB6A23D64D}
		{064CD96F-DA6A-40B3-A765-1D51917FD690} = {DD533BB9-6E40-4008-A45D-77AB6A23D64D}
	EndGlobalSection
	GlobalSection(ExtensibilityGlobals) = postSolution
		SolutionGuid = {7CD707EC-7121-4BAD-8359-0031FE028920}
	EndGlobalSection
EndGlobal
