
Microsoft Visual Studio Solution File, Format Version 12.00
# Visual Studio Version 17
VisualStudioVersion = 17.0.31912.275
MinimumVisualStudioVersion = 10.0.40219.1
Project("{2150E333-8FDC-42A3-9474-1A3956D46DE8}") = "src", "src", "{7CFF97FC-2441-43B4-A79B-B5FAEBBA2D9D}"
EndProject
Project("{2150E333-8FDC-42A3-9474-1A3956D46DE8}") = "modules", "modules", "{2CE7C871-7D4D-4B3C-A37B-5DB44F0B4D90}"
EndProject
Project("{2150E333-8FDC-42A3-9474-1A3956D46DE8}") = "essential", "essential", "{EC54FE52-B22C-45E7-94D6-233D51533003}"
EndProject
Project("{9A19103F-16F7-4668-BE54-9A1E7A4F7556}") = "Sailina.Tang.Essential", "src\modules\essential\Sailina.Tang.Essential\Sailina.Tang.Essential.csproj", "{4181492B-D152-4A6A-8650-820B5692B08C}"
EndProject
Project("{9A19103F-16F7-4668-BE54-9A1E7A4F7556}") = "Sailina.Tang.Essential.Implement", "src\modules\essential\Sailina.Tang.Essential.Implement\Sailina.Tang.Essential.Implement.csproj", "{148B1746-023B-43A9-83C3-A391D17B40E2}"
EndProject
Project("{2150E333-8FDC-42A3-9474-1A3956D46DE8}") = "hosts", "hosts", "{8F136037-A7B8-4A45-B65E-1BB9DC0517CB}"
EndProject
Project("{9A19103F-16F7-4668-BE54-9A1E7A4F7556}") = "Sailina.Tang.Game.Host", "src\hosts\Sailina.Tang.Game.Host\Sailina.Tang.Game.Host.csproj", "{24E84753-5AA0-4D9B-9F06-1B9B0F6B55EC}"
EndProject
Project("{9A19103F-16F7-4668-BE54-9A1E7A4F7556}") = "Scorpio.Bougainvillea", "..\src\Scorpio.Bougainvillea\Scorpio.Bougainvillea.csproj", "{55322A31-0A91-4A57-8B84-C23CDBACB2F3}"
EndProject
Project("{9A19103F-16F7-4668-BE54-9A1E7A4F7556}") = "Scorpio.Bougainvillea.Abstractions", "..\src\Scorpio.Bougainvillea.Abstractions\Scorpio.Bougainvillea.Abstractions.csproj", "{C0D659E2-8698-476B-9FE3-C241E65CB5E6}"
EndProject
Project("{9A19103F-16F7-4668-BE54-9A1E7A4F7556}") = "Scorpio.Bougainvillea.AspNetCore", "..\src\Scorpio.Bougainvillea.AspNetCore\Scorpio.Bougainvillea.AspNetCore.csproj", "{150782DA-ECC0-4179-88B3-4DD2EEC77AF2}"
EndProject
Project("{9A19103F-16F7-4668-BE54-9A1E7A4F7556}") = "Scorpio.Bougainvillea.Orleans", "..\src\Scorpio.Bougainvillea.Orleans\Scorpio.Bougainvillea.Orleans.csproj", "{F0F54E4F-2703-407D-882F-803C7EEC51E0}"
EndProject
Project("{9A19103F-16F7-4668-BE54-9A1E7A4F7556}") = "Scorpio.Bougainvillea.Orleans.Abstractions", "..\src\Scorpio.Bougainvillea.Orleans.Abstractions\Scorpio.Bougainvillea.Orleans.Abstractions.csproj", "{CF44CE3D-4C34-43F9-AA21-79B1F89B1D46}"
EndProject
Project("{9A19103F-16F7-4668-BE54-9A1E7A4F7556}") = "Scorpio.Bougainvillea.Storages", "..\src\Scorpio.Bougainvillea.Storages\Scorpio.Bougainvillea.Storages.csproj", "{32A2BC2E-FA7E-4DD4-973C-48171DFB5905}"
EndProject
Project("{2150E333-8FDC-42A3-9474-1A3956D46DE8}") = "framework", "framework", "{93C9E634-C8F0-43EE-A4E7-FF65E761DAE1}"
EndProject
Project("{9A19103F-16F7-4668-BE54-9A1E7A4F7556}") = "Sailina.Tang.Essential.Bootstrap", "src\modules\essential\Sailina.Tang.Essential.Bootstrap\Sailina.Tang.Essential.Bootstrap.csproj", "{169DEB4B-3B70-49EC-89FF-CBE08E312BCC}"
EndProject
Project("{9A19103F-16F7-4668-BE54-9A1E7A4F7556}") = "Sailina.Tang.Essential.Handlers", "src\modules\essential\Sailina.Tang.Essential.Handlers\Sailina.Tang.Essential.Handlers.csproj", "{B2A92B65-AA4B-491C-8A2E-D1B89DEA5AF5}"
EndProject
Global
	GlobalSection(SolutionConfigurationPlatforms) = preSolution
		Debug|Any CPU = Debug|Any CPU
		Release|Any CPU = Release|Any CPU
	EndGlobalSection
	GlobalSection(ProjectConfigurationPlatforms) = postSolution
		{4181492B-D152-4A6A-8650-820B5692B08C}.Debug|Any CPU.ActiveCfg = Debug|Any CPU
		{4181492B-D152-4A6A-8650-820B5692B08C}.Debug|Any CPU.Build.0 = Debug|Any CPU
		{4181492B-D152-4A6A-8650-820B5692B08C}.Release|Any CPU.ActiveCfg = Release|Any CPU
		{4181492B-D152-4A6A-8650-820B5692B08C}.Release|Any CPU.Build.0 = Release|Any CPU
		{148B1746-023B-43A9-83C3-A391D17B40E2}.Debug|Any CPU.ActiveCfg = Debug|Any CPU
		{148B1746-023B-43A9-83C3-A391D17B40E2}.Debug|Any CPU.Build.0 = Debug|Any CPU
		{148B1746-023B-43A9-83C3-A391D17B40E2}.Release|Any CPU.ActiveCfg = Release|Any CPU
		{148B1746-023B-43A9-83C3-A391D17B40E2}.Release|Any CPU.Build.0 = Release|Any CPU
		{24E84753-5AA0-4D9B-9F06-1B9B0F6B55EC}.Debug|Any CPU.ActiveCfg = Debug|Any CPU
		{24E84753-5AA0-4D9B-9F06-1B9B0F6B55EC}.Debug|Any CPU.Build.0 = Debug|Any CPU
		{24E84753-5AA0-4D9B-9F06-1B9B0F6B55EC}.Release|Any CPU.ActiveCfg = Release|Any CPU
		{24E84753-5AA0-4D9B-9F06-1B9B0F6B55EC}.Release|Any CPU.Build.0 = Release|Any CPU
		{55322A31-0A91-4A57-8B84-C23CDBACB2F3}.Debug|Any CPU.ActiveCfg = Debug|Any CPU
		{55322A31-0A91-4A57-8B84-C23CDBACB2F3}.Debug|Any CPU.Build.0 = Debug|Any CPU
		{55322A31-0A91-4A57-8B84-C23CDBACB2F3}.Release|Any CPU.ActiveCfg = Release|Any CPU
		{55322A31-0A91-4A57-8B84-C23CDBACB2F3}.Release|Any CPU.Build.0 = Release|Any CPU
		{C0D659E2-8698-476B-9FE3-C241E65CB5E6}.Debug|Any CPU.ActiveCfg = Debug|Any CPU
		{C0D659E2-8698-476B-9FE3-C241E65CB5E6}.Debug|Any CPU.Build.0 = Debug|Any CPU
		{C0D659E2-8698-476B-9FE3-C241E65CB5E6}.Release|Any CPU.ActiveCfg = Release|Any CPU
		{C0D659E2-8698-476B-9FE3-C241E65CB5E6}.Release|Any CPU.Build.0 = Release|Any CPU
		{150782DA-ECC0-4179-88B3-4DD2EEC77AF2}.Debug|Any CPU.ActiveCfg = Debug|Any CPU
		{150782DA-ECC0-4179-88B3-4DD2EEC77AF2}.Debug|Any CPU.Build.0 = Debug|Any CPU
		{150782DA-ECC0-4179-88B3-4DD2EEC77AF2}.Release|Any CPU.ActiveCfg = Release|Any CPU
		{150782DA-ECC0-4179-88B3-4DD2EEC77AF2}.Release|Any CPU.Build.0 = Release|Any CPU
		{F0F54E4F-2703-407D-882F-803C7EEC51E0}.Debug|Any CPU.ActiveCfg = Debug|Any CPU
		{F0F54E4F-2703-407D-882F-803C7EEC51E0}.Debug|Any CPU.Build.0 = Debug|Any CPU
		{F0F54E4F-2703-407D-882F-803C7EEC51E0}.Release|Any CPU.ActiveCfg = Release|Any CPU
		{F0F54E4F-2703-407D-882F-803C7EEC51E0}.Release|Any CPU.Build.0 = Release|Any CPU
		{CF44CE3D-4C34-43F9-AA21-79B1F89B1D46}.Debug|Any CPU.ActiveCfg = Debug|Any CPU
		{CF44CE3D-4C34-43F9-AA21-79B1F89B1D46}.Debug|Any CPU.Build.0 = Debug|Any CPU
		{CF44CE3D-4C34-43F9-AA21-79B1F89B1D46}.Release|Any CPU.ActiveCfg = Release|Any CPU
		{CF44CE3D-4C34-43F9-AA21-79B1F89B1D46}.Release|Any CPU.Build.0 = Release|Any CPU
		{32A2BC2E-FA7E-4DD4-973C-48171DFB5905}.Debug|Any CPU.ActiveCfg = Debug|Any CPU
		{32A2BC2E-FA7E-4DD4-973C-48171DFB5905}.Debug|Any CPU.Build.0 = Debug|Any CPU
		{32A2BC2E-FA7E-4DD4-973C-48171DFB5905}.Release|Any CPU.ActiveCfg = Release|Any CPU
		{32A2BC2E-FA7E-4DD4-973C-48171DFB5905}.Release|Any CPU.Build.0 = Release|Any CPU
		{169DEB4B-3B70-49EC-89FF-CBE08E312BCC}.Debug|Any CPU.ActiveCfg = Debug|Any CPU
		{169DEB4B-3B70-49EC-89FF-CBE08E312BCC}.Debug|Any CPU.Build.0 = Debug|Any CPU
		{169DEB4B-3B70-49EC-89FF-CBE08E312BCC}.Release|Any CPU.ActiveCfg = Release|Any CPU
		{169DEB4B-3B70-49EC-89FF-CBE08E312BCC}.Release|Any CPU.Build.0 = Release|Any CPU
		{B2A92B65-AA4B-491C-8A2E-D1B89DEA5AF5}.Debug|Any CPU.ActiveCfg = Debug|Any CPU
		{B2A92B65-AA4B-491C-8A2E-D1B89DEA5AF5}.Debug|Any CPU.Build.0 = Debug|Any CPU
		{B2A92B65-AA4B-491C-8A2E-D1B89DEA5AF5}.Release|Any CPU.ActiveCfg = Release|Any CPU
		{B2A92B65-AA4B-491C-8A2E-D1B89DEA5AF5}.Release|Any CPU.Build.0 = Release|Any CPU
	EndGlobalSection
	GlobalSection(SolutionProperties) = preSolution
		HideSolutionNode = FALSE
	EndGlobalSection
	GlobalSection(NestedProjects) = preSolution
		{2CE7C871-7D4D-4B3C-A37B-5DB44F0B4D90} = {7CFF97FC-2441-43B4-A79B-B5FAEBBA2D9D}
		{EC54FE52-B22C-45E7-94D6-233D51533003} = {2CE7C871-7D4D-4B3C-A37B-5DB44F0B4D90}
		{4181492B-D152-4A6A-8650-820B5692B08C} = {EC54FE52-B22C-45E7-94D6-233D51533003}
		{148B1746-023B-43A9-83C3-A391D17B40E2} = {EC54FE52-B22C-45E7-94D6-233D51533003}
		{8F136037-A7B8-4A45-B65E-1BB9DC0517CB} = {7CFF97FC-2441-43B4-A79B-B5FAEBBA2D9D}
		{24E84753-5AA0-4D9B-9F06-1B9B0F6B55EC} = {8F136037-A7B8-4A45-B65E-1BB9DC0517CB}
		{55322A31-0A91-4A57-8B84-C23CDBACB2F3} = {93C9E634-C8F0-43EE-A4E7-FF65E761DAE1}
		{C0D659E2-8698-476B-9FE3-C241E65CB5E6} = {93C9E634-C8F0-43EE-A4E7-FF65E761DAE1}
		{150782DA-ECC0-4179-88B3-4DD2EEC77AF2} = {93C9E634-C8F0-43EE-A4E7-FF65E761DAE1}
		{F0F54E4F-2703-407D-882F-803C7EEC51E0} = {93C9E634-C8F0-43EE-A4E7-FF65E761DAE1}
		{CF44CE3D-4C34-43F9-AA21-79B1F89B1D46} = {93C9E634-C8F0-43EE-A4E7-FF65E761DAE1}
		{32A2BC2E-FA7E-4DD4-973C-48171DFB5905} = {93C9E634-C8F0-43EE-A4E7-FF65E761DAE1}
		{169DEB4B-3B70-49EC-89FF-CBE08E312BCC} = {EC54FE52-B22C-45E7-94D6-233D51533003}
		{B2A92B65-AA4B-491C-8A2E-D1B89DEA5AF5} = {EC54FE52-B22C-45E7-94D6-233D51533003}
	EndGlobalSection
	GlobalSection(ExtensibilityGlobals) = postSolution
		SolutionGuid = {889A7C0A-DDD6-44BC-A718-D29A647426FD}
	EndGlobalSection
EndGlobal
